
Microsoft Visual Studio Solution File, Format Version 12.00
# Visual Studio Version 16
VisualStudioVersion = 25.0.1704.2
MinimumVisualStudioVersion = 10.0.40219.1
Project("{FAE04EC0-301F-11D3-BF4B-00C04F79EFBC}") = "signalRtc", "signalRtc.csproj", "{9DB2AA3E-E863-42FF-A08F-5442F202719D}"
EndProject
Global
	GlobalSection(SolutionConfigurationPlatforms) = preSolution
		Debug|Any CPU = Debug|Any CPU
		Release|Any CPU = Release|Any CPU
	EndGlobalSection
	GlobalSection(ProjectConfigurationPlatforms) = postSolution
		{9DB2AA3E-E863-42FF-A08F-5442F202719D}.Debug|Any CPU.ActiveCfg = Debug|Any CPU
		{9DB2AA3E-E863-42FF-A08F-5442F202719D}.Debug|Any CPU.Build.0 = Debug|Any CPU
		{9DB2AA3E-E863-42FF-A08F-5442F202719D}.Release|Any CPU.ActiveCfg = Release|Any CPU
		{9DB2AA3E-E863-42FF-A08F-5442F202719D}.Release|Any CPU.Build.0 = Release|Any CPU
	EndGlobalSection
	GlobalSection(SolutionProperties) = preSolution
		HideSolutionNode = FALSE
	EndGlobalSection
	GlobalSection(ExtensibilityGlobals) = postSolution
		SolutionGuid = {E053DE53-E432-40FC-B3C1-6B4E15B26081}
	EndGlobalSection
EndGlobal
